
Microsoft Visual Studio Solution File, Format Version 12.00
# Visual Studio 15
VisualStudioVersion = 15.0.28010.2048
MinimumVisualStudioVersion = 10.0.40219.1
Project("{F184B08F-C81C-45F6-A57F-5ABD9991F28F}") = "PPF", "PPF\PPF.vbproj", "{8062E95E-844F-4B9C-BB29-150178677CA6}"
EndProject
Global
	GlobalSection(SolutionConfigurationPlatforms) = preSolution
		Debug|Any CPU = Debug|Any CPU
		Release|Any CPU = Release|Any CPU
	EndGlobalSection
	GlobalSection(ProjectConfigurationPlatforms) = postSolution
		{8062E95E-844F-4B9C-BB29-150178677CA6}.Debug|Any CPU.ActiveCfg = Debug|Any CPU
		{8062E95E-844F-4B9C-BB29-150178677CA6}.Debug|Any CPU.Build.0 = Debug|Any CPU
		{8062E95E-844F-4B9C-BB29-150178677CA6}.Release|Any CPU.ActiveCfg = Release|Any CPU
		{8062E95E-844F-4B9C-BB29-150178677CA6}.Release|Any CPU.Build.0 = Release|Any CPU
	EndGlobalSection
	GlobalSection(SolutionProperties) = preSolution
		HideSolutionNode = FALSE
	EndGlobalSection
	GlobalSection(ExtensibilityGlobals) = postSolution
		SolutionGuid = {D756B21F-059C-4966-8A3D-2499F9DDF86C}
	EndGlobalSection
EndGlobal
